
Microsoft Visual Studio Solution File, Format Version 12.00
# Visual Studio Version 17
VisualStudioVersion = 17.4.32912.340
MinimumVisualStudioVersion = 10.0.40219.1
Project("{FAE04EC0-301F-11D3-BF4B-00C04F79EFBC}") = "Kréta API", "Kréta API.csproj", "{90635791-0485-4B5E-AE39-24B97234EF94}"
EndProject
Global
	GlobalSection(SolutionConfigurationPlatforms) = preSolution
		Debug|Any CPU = Debug|Any CPU
		Release|Any CPU = Release|Any CPU
	EndGlobalSection
	GlobalSection(ProjectConfigurationPlatforms) = postSolution
		{90635791-0485-4B5E-AE39-24B97234EF94}.Debug|Any CPU.ActiveCfg = Debug|Any CPU
		{90635791-0485-4B5E-AE39-24B97234EF94}.Debug|Any CPU.Build.0 = Debug|Any CPU
		{90635791-0485-4B5E-AE39-24B97234EF94}.Release|Any CPU.ActiveCfg = Release|Any CPU
		{90635791-0485-4B5E-AE39-24B97234EF94}.Release|Any CPU.Build.0 = Release|Any CPU
	EndGlobalSection
	GlobalSection(SolutionProperties) = preSolution
		HideSolutionNode = FALSE
	EndGlobalSection
	GlobalSection(ExtensibilityGlobals) = postSolution
		SolutionGuid = {1FE62994-298A-4793-ADFC-23EFB01072A8}
	EndGlobalSection
EndGlobal
